// !$*UTF8*$!
{
	archiveVersion = 1;
	classes = {
	};
	objectVersion = 46;
	objects = {

/* Begin PBXBuildFile section */
		A4A54E2B1477B723007FEB4B /* Cocoa.framework in Frameworks */ = {isa = PBXBuildFile; fileRef = A4A54E2A1477B723007FEB4B /* Cocoa.framework */; };
		A4A54E351477B723007FEB4B /* SQSMetricFormatter.m in Sources */ = {isa = PBXBuildFile; fileRef = A4A54E341477B723007FEB4B /* SQSMetricFormatter.m */; };
		A4A54E421477B7E0007FEB4B /* SenTestingKit.framework in Frameworks */ = {isa = PBXBuildFile; fileRef = A4A54E411477B7E0007FEB4B /* SenTestingKit.framework */; };
		A4A54E431477B7E0007FEB4B /* Cocoa.framework in Frameworks */ = {isa = PBXBuildFile; fileRef = A4A54E2A1477B723007FEB4B /* Cocoa.framework */; };
		A4A54E491477B7E0007FEB4B /* InfoPlist.strings in Resources */ = {isa = PBXBuildFile; fileRef = A4A54E471477B7E0007FEB4B /* InfoPlist.strings */; };
		A4A54E4C1477B7E0007FEB4B /* SQSMetricFormatterLogicTests.m in Sources */ = {isa = PBXBuildFile; fileRef = A4A54E4B1477B7E0007FEB4B /* SQSMetricFormatterLogicTests.m */; };
		A4A54E541478D5BE007FEB4B /* libSQSMetricFormatter.a in Frameworks */ = {isa = PBXBuildFile; fileRef = A4A54E271477B723007FEB4B /* libSQSMetricFormatter.a */; };
		A4A54E57147E43C5007FEB4B /* NSDecimalNumber+NSDecimalNumber_SQSDecimalNumber.h in Headers */ = {isa = PBXBuildFile; fileRef = A4A54E55147E43C5007FEB4B /* NSDecimalNumber+NSDecimalNumber_SQSDecimalNumber.h */; };
		A4A54E58147E43C5007FEB4B /* NSDecimalNumber+NSDecimalNumber_SQSDecimalNumber.m in Sources */ = {isa = PBXBuildFile; fileRef = A4A54E56147E43C5007FEB4B /* NSDecimalNumber+NSDecimalNumber_SQSDecimalNumber.m */; };
		A4A54E59147E43C5007FEB4B /* NSDecimalNumber+NSDecimalNumber_SQSDecimalNumber.m in Sources */ = {isa = PBXBuildFile; fileRef = A4A54E56147E43C5007FEB4B /* NSDecimalNumber+NSDecimalNumber_SQSDecimalNumber.m */; };
/* End PBXBuildFile section */

/* Begin PBXFileReference section */
		A4A54E271477B723007FEB4B /* libSQSMetricFormatter.a */ = {isa = PBXFileReference; explicitFileType = archive.ar; includeInIndex = 0; path = libSQSMetricFormatter.a; sourceTree = BUILT_PRODUCTS_DIR; };
		A4A54E2A1477B723007FEB4B /* Cocoa.framework */ = {isa = PBXFileReference; lastKnownFileType = wrapper.framework; name = Cocoa.framework; path = System/Library/Frameworks/Cocoa.framework; sourceTree = SDKROOT; };
		A4A54E2D1477B723007FEB4B /* AppKit.framework */ = {isa = PBXFileReference; lastKnownFileType = wrapper.framework; name = AppKit.framework; path = System/Library/Frameworks/AppKit.framework; sourceTree = SDKROOT; };
		A4A54E2E1477B723007FEB4B /* CoreData.framework */ = {isa = PBXFileReference; lastKnownFileType = wrapper.framework; name = CoreData.framework; path = System/Library/Frameworks/CoreData.framework; sourceTree = SDKROOT; };
		A4A54E2F1477B723007FEB4B /* Foundation.framework */ = {isa = PBXFileReference; lastKnownFileType = wrapper.framework; name = Foundation.framework; path = System/Library/Frameworks/Foundation.framework; sourceTree = SDKROOT; };
		A4A54E321477B723007FEB4B /* SQSMetricFormatter-Prefix.pch */ = {isa = PBXFileReference; lastKnownFileType = sourcecode.c.h; path = "SQSMetricFormatter-Prefix.pch"; sourceTree = "<group>"; };
		A4A54E331477B723007FEB4B /* SQSMetricFormatter.h */ = {isa = PBXFileReference; lastKnownFileType = sourcecode.c.h; path = SQSMetricFormatter.h; sourceTree = "<group>"; };
		A4A54E341477B723007FEB4B /* SQSMetricFormatter.m */ = {isa = PBXFileReference; lastKnownFileType = sourcecode.c.objc; path = SQSMetricFormatter.m; sourceTree = "<group>"; };
		A4A54E401477B7E0007FEB4B /* SQSMetricFormatterLogicTests.octest */ = {isa = PBXFileReference; explicitFileType = wrapper.cfbundle; includeInIndex = 0; path = SQSMetricFormatterLogicTests.octest; sourceTree = BUILT_PRODUCTS_DIR; };
		A4A54E411477B7E0007FEB4B /* SenTestingKit.framework */ = {isa = PBXFileReference; lastKnownFileType = wrapper.framework; name = SenTestingKit.framework; path = Library/Frameworks/SenTestingKit.framework; sourceTree = DEVELOPER_DIR; };
		A4A54E461477B7E0007FEB4B /* SQSMetricFormatterLogicTests-Info.plist */ = {isa = PBXFileReference; lastKnownFileType = text.plist.xml; path = "SQSMetricFormatterLogicTests-Info.plist"; sourceTree = "<group>"; };
		A4A54E481477B7E0007FEB4B /* en */ = {isa = PBXFileReference; lastKnownFileType = text.plist.strings; name = en; path = en.lproj/InfoPlist.strings; sourceTree = "<group>"; };
		A4A54E4A1477B7E0007FEB4B /* SQSMetricFormatterLogicTests.h */ = {isa = PBXFileReference; lastKnownFileType = sourcecode.c.h; path = SQSMetricFormatterLogicTests.h; sourceTree = "<group>"; };
		A4A54E4B1477B7E0007FEB4B /* SQSMetricFormatterLogicTests.m */ = {isa = PBXFileReference; lastKnownFileType = sourcecode.c.objc; path = SQSMetricFormatterLogicTests.m; sourceTree = "<group>"; };
		A4A54E4D1477B7E0007FEB4B /* SQSMetricFormatterLogicTests-Prefix.pch */ = {isa = PBXFileReference; lastKnownFileType = sourcecode.c.h; path = "SQSMetricFormatterLogicTests-Prefix.pch"; sourceTree = "<group>"; };
		A4A54E55147E43C5007FEB4B /* NSDecimalNumber+NSDecimalNumber_SQSDecimalNumber.h */ = {isa = PBXFileReference; fileEncoding = 4; lastKnownFileType = sourcecode.c.h; path = "NSDecimalNumber+NSDecimalNumber_SQSDecimalNumber.h"; sourceTree = "<group>"; };
		A4A54E56147E43C5007FEB4B /* NSDecimalNumber+NSDecimalNumber_SQSDecimalNumber.m */ = {isa = PBXFileReference; fileEncoding = 4; lastKnownFileType = sourcecode.c.objc; path = "NSDecimalNumber+NSDecimalNumber_SQSDecimalNumber.m"; sourceTree = "<group>"; };
/* End PBXFileReference section */

/* Begin PBXFrameworksBuildPhase section */
		A4A54E241477B723007FEB4B /* Frameworks */ = {
			isa = PBXFrameworksBuildPhase;
			buildActionMask = 2147483647;
			files = (
				A4A54E2B1477B723007FEB4B /* Cocoa.framework in Frameworks */,
			);
			runOnlyForDeploymentPostprocessing = 0;
		};
		A4A54E3C1477B7E0007FEB4B /* Frameworks */ = {
			isa = PBXFrameworksBuildPhase;
			buildActionMask = 2147483647;
			files = (
				A4A54E541478D5BE007FEB4B /* libSQSMetricFormatter.a in Frameworks */,
				A4A54E421477B7E0007FEB4B /* SenTestingKit.framework in Frameworks */,
				A4A54E431477B7E0007FEB4B /* Cocoa.framework in Frameworks */,
			);
			runOnlyForDeploymentPostprocessing = 0;
		};
/* End PBXFrameworksBuildPhase section */

/* Begin PBXGroup section */
		A4A54E1C1477B723007FEB4B = {
			isa = PBXGroup;
			children = (
				A4A54E301477B723007FEB4B /* SQSMetricFormatter */,
				A4A54E311477B723007FEB4B /* Supporting Files */,
				A4A54E441477B7E0007FEB4B /* SQSMetricFormatterLogicTests */,
				A4A54E291477B723007FEB4B /* Frameworks */,
				A4A54E281477B723007FEB4B /* Products */,
			);
			sourceTree = "<group>";
		};
		A4A54E281477B723007FEB4B /* Products */ = {
			isa = PBXGroup;
			children = (
				A4A54E271477B723007FEB4B /* libSQSMetricFormatter.a */,
				A4A54E401477B7E0007FEB4B /* SQSMetricFormatterLogicTests.octest */,
			);
			name = Products;
			sourceTree = "<group>";
		};
		A4A54E291477B723007FEB4B /* Frameworks */ = {
			isa = PBXGroup;
			children = (
				A4A54E2A1477B723007FEB4B /* Cocoa.framework */,
				A4A54E411477B7E0007FEB4B /* SenTestingKit.framework */,
				A4A54E2C1477B723007FEB4B /* Other Frameworks */,
			);
			name = Frameworks;
			sourceTree = "<group>";
		};
		A4A54E2C1477B723007FEB4B /* Other Frameworks */ = {
			isa = PBXGroup;
			children = (
				A4A54E2D1477B723007FEB4B /* AppKit.framework */,
				A4A54E2E1477B723007FEB4B /* CoreData.framework */,
				A4A54E2F1477B723007FEB4B /* Foundation.framework */,
			);
			name = "Other Frameworks";
			sourceTree = "<group>";
		};
		A4A54E301477B723007FEB4B /* SQSMetricFormatter */ = {
			isa = PBXGroup;
			children = (
				A4A54E331477B723007FEB4B /* SQSMetricFormatter.h */,
				A4A54E341477B723007FEB4B /* SQSMetricFormatter.m */,
				A4A54E55147E43C5007FEB4B /* NSDecimalNumber+NSDecimalNumber_SQSDecimalNumber.h */,
				A4A54E56147E43C5007FEB4B /* NSDecimalNumber+NSDecimalNumber_SQSDecimalNumber.m */,
			);
			path = SQSMetricFormatter;
			sourceTree = "<group>";
		};
		A4A54E311477B723007FEB4B /* Supporting Files */ = {
			isa = PBXGroup;
			children = (
				A4A54E321477B723007FEB4B /* SQSMetricFormatter-Prefix.pch */,
			);
			name = "Supporting Files";
			path = SQSMetricFormatter;
			sourceTree = "<group>";
		};
		A4A54E441477B7E0007FEB4B /* SQSMetricFormatterLogicTests */ = {
			isa = PBXGroup;
			children = (
				A4A54E4A1477B7E0007FEB4B /* SQSMetricFormatterLogicTests.h */,
				A4A54E4B1477B7E0007FEB4B /* SQSMetricFormatterLogicTests.m */,
				A4A54E451477B7E0007FEB4B /* Supporting Files */,
			);
			path = SQSMetricFormatterLogicTests;
			sourceTree = "<group>";
		};
		A4A54E451477B7E0007FEB4B /* Supporting Files */ = {
			isa = PBXGroup;
			children = (
				A4A54E461477B7E0007FEB4B /* SQSMetricFormatterLogicTests-Info.plist */,
				A4A54E471477B7E0007FEB4B /* InfoPlist.strings */,
				A4A54E4D1477B7E0007FEB4B /* SQSMetricFormatterLogicTests-Prefix.pch */,
			);
			name = "Supporting Files";
			sourceTree = "<group>";
		};
/* End PBXGroup section */

/* Begin PBXHeadersBuildPhase section */
		A4A54E251477B723007FEB4B /* Headers */ = {
			isa = PBXHeadersBuildPhase;
			buildActionMask = 2147483647;
			files = (
				A4A54E57147E43C5007FEB4B /* NSDecimalNumber+NSDecimalNumber_SQSDecimalNumber.h in Headers */,
			);
			runOnlyForDeploymentPostprocessing = 0;
		};
/* End PBXHeadersBuildPhase section */

/* Begin PBXNativeTarget section */
		A4A54E261477B723007FEB4B /* SQSMetricFormatter */ = {
			isa = PBXNativeTarget;
			buildConfigurationList = A4A54E381477B723007FEB4B /* Build configuration list for PBXNativeTarget "SQSMetricFormatter" */;
			buildPhases = (
				A4A54E231477B723007FEB4B /* Sources */,
				A4A54E241477B723007FEB4B /* Frameworks */,
				A4A54E251477B723007FEB4B /* Headers */,
			);
			buildRules = (
			);
			dependencies = (
			);
			name = SQSMetricFormatter;
			productName = SQSMetricFormatter;
			productReference = A4A54E271477B723007FEB4B /* libSQSMetricFormatter.a */;
			productType = "com.apple.product-type.library.static";
		};
		A4A54E3F1477B7E0007FEB4B /* SQSMetricFormatterLogicTests */ = {
			isa = PBXNativeTarget;
			buildConfigurationList = A4A54E4E1477B7E0007FEB4B /* Build configuration list for PBXNativeTarget "SQSMetricFormatterLogicTests" */;
			buildPhases = (
				A4A54E3B1477B7E0007FEB4B /* Sources */,
				A4A54E3C1477B7E0007FEB4B /* Frameworks */,
				A4A54E3D1477B7E0007FEB4B /* Resources */,
				A4A54E3E1477B7E0007FEB4B /* ShellScript */,
			);
			buildRules = (
			);
			dependencies = (
			);
			name = SQSMetricFormatterLogicTests;
			productName = SQSMetricFormatterLogicTests;
			productReference = A4A54E401477B7E0007FEB4B /* SQSMetricFormatterLogicTests.octest */;
			productType = "com.apple.product-type.bundle";
		};
/* End PBXNativeTarget section */

/* Begin PBXProject section */
		A4A54E1E1477B723007FEB4B /* Project object */ = {
			isa = PBXProject;
			attributes = {
				LastUpgradeCheck = 0430;
				ORGANIZATIONNAME = "Synthetiq Solutions LLC";
			};
			buildConfigurationList = A4A54E211477B723007FEB4B /* Build configuration list for PBXProject "SQSMetricFormatter" */;
			compatibilityVersion = "Xcode 3.2";
			developmentRegion = English;
			hasScannedForEncodings = 0;
			knownRegions = (
				en,
			);
			mainGroup = A4A54E1C1477B723007FEB4B;
			productRefGroup = A4A54E281477B723007FEB4B /* Products */;
			projectDirPath = "";
			projectRoot = "";
			targets = (
				A4A54E261477B723007FEB4B /* SQSMetricFormatter */,
				A4A54E3F1477B7E0007FEB4B /* SQSMetricFormatterLogicTests */,
			);
		};
/* End PBXProject section */

/* Begin PBXResourcesBuildPhase section */
		A4A54E3D1477B7E0007FEB4B /* Resources */ = {
			isa = PBXResourcesBuildPhase;
			buildActionMask = 2147483647;
			files = (
				A4A54E491477B7E0007FEB4B /* InfoPlist.strings in Resources */,
			);
			runOnlyForDeploymentPostprocessing = 0;
		};
/* End PBXResourcesBuildPhase section */

/* Begin PBXShellScriptBuildPhase section */
		A4A54E3E1477B7E0007FEB4B /* ShellScript */ = {
			isa = PBXShellScriptBuildPhase;
			buildActionMask = 2147483647;
			files = (
			);
			inputPaths = (
			);
			outputPaths = (
			);
			runOnlyForDeploymentPostprocessing = 0;
			shellPath = /bin/sh;
			shellScript = "# Run the unit tests in this test bundle.\n\"${SYSTEM_DEVELOPER_DIR}/Tools/RunUnitTests\"\n";
		};
/* End PBXShellScriptBuildPhase section */

/* Begin PBXSourcesBuildPhase section */
		A4A54E231477B723007FEB4B /* Sources */ = {
			isa = PBXSourcesBuildPhase;
			buildActionMask = 2147483647;
			files = (
				A4A54E351477B723007FEB4B /* SQSMetricFormatter.m in Sources */,
				A4A54E58147E43C5007FEB4B /* NSDecimalNumber+NSDecimalNumber_SQSDecimalNumber.m in Sources */,
			);
			runOnlyForDeploymentPostprocessing = 0;
		};
		A4A54E3B1477B7E0007FEB4B /* Sources */ = {
			isa = PBXSourcesBuildPhase;
			buildActionMask = 2147483647;
			files = (
				A4A54E4C1477B7E0007FEB4B /* SQSMetricFormatterLogicTests.m in Sources */,
				A4A54E59147E43C5007FEB4B /* NSDecimalNumber+NSDecimalNumber_SQSDecimalNumber.m in Sources */,
			);
			runOnlyForDeploymentPostprocessing = 0;
		};
/* End PBXSourcesBuildPhase section */

/* Begin PBXVariantGroup section */
		A4A54E471477B7E0007FEB4B /* InfoPlist.strings */ = {
			isa = PBXVariantGroup;
			children = (
				A4A54E481477B7E0007FEB4B /* en */,
			);
			name = InfoPlist.strings;
			sourceTree = "<group>";
		};
/* End PBXVariantGroup section */

/* Begin XCBuildConfiguration section */
		A4A54E361477B723007FEB4B /* Debug */ = {
			isa = XCBuildConfiguration;
			buildSettings = {
				ALWAYS_SEARCH_USER_PATHS = NO;
				ARCHS = "$(ARCHS_STANDARD_64_BIT)";
				COPY_PHASE_STRIP = NO;
				GCC_C_LANGUAGE_STANDARD = gnu99;
				GCC_DYNAMIC_NO_PIC = NO;
				GCC_ENABLE_OBJC_EXCEPTIONS = YES;
				GCC_OPTIMIZATION_LEVEL = 0;
				GCC_PREPROCESSOR_DEFINITIONS = (
					"DEBUG=1",
					"$(inherited)",
				);
				GCC_SYMBOLS_PRIVATE_EXTERN = NO;
				GCC_VERSION = com.apple.compilers.llvm.clang.1_0;
				GCC_WARN_64_TO_32_BIT_CONVERSION = YES;
				GCC_WARN_ABOUT_MISSING_PROTOTYPES = YES;
				GCC_WARN_ABOUT_RETURN_TYPE = YES;
				GCC_WARN_UNUSED_VARIABLE = YES;
				MACOSX_DEPLOYMENT_TARGET = 10.7;
				ONLY_ACTIVE_ARCH = YES;
				SDKROOT = macosx;
			};
			name = Debug;
		};
		A4A54E371477B723007FEB4B /* Release */ = {
			isa = XCBuildConfiguration;
			buildSettings = {
				ALWAYS_SEARCH_USER_PATHS = NO;
				ARCHS = "$(ARCHS_STANDARD_64_BIT)";
				COPY_PHASE_STRIP = YES;
				DEBUG_INFORMATION_FORMAT = "dwarf-with-dsym";
				GCC_C_LANGUAGE_STANDARD = gnu99;
				GCC_ENABLE_OBJC_EXCEPTIONS = YES;
				GCC_VERSION = com.apple.compilers.llvm.clang.1_0;
				GCC_WARN_64_TO_32_BIT_CONVERSION = YES;
				GCC_WARN_ABOUT_MISSING_PROTOTYPES = YES;
				GCC_WARN_ABOUT_RETURN_TYPE = YES;
				GCC_WARN_UNUSED_VARIABLE = YES;
				MACOSX_DEPLOYMENT_TARGET = 10.7;
				SDKROOT = macosx;
			};
			name = Release;
		};
		A4A54E391477B723007FEB4B /* Debug */ = {
			isa = XCBuildConfiguration;
			buildSettings = {
				ARCHS = "$(ARCHS_STANDARD_32_64_BIT)";
				GCC_PRECOMPILE_PREFIX_HEADER = YES;
				GCC_PREFIX_HEADER = "SQSMetricFormatter/SQSMetricFormatter-Prefix.pch";
				PRODUCT_NAME = SQSMetricFormatter;
				RUN_CLANG_STATIC_ANALYZER = YES;
			};
			name = Debug;
		};
		A4A54E3A1477B723007FEB4B /* Release */ = {
			isa = XCBuildConfiguration;
			buildSettings = {
				ARCHS = "$(ARCHS_STANDARD_32_64_BIT)";
				GCC_PRECOMPILE_PREFIX_HEADER = YES;
				GCC_PREFIX_HEADER = "SQSMetricFormatter/SQSMetricFormatter-Prefix.pch";
				PRODUCT_NAME = SQSMetricFormatter;
				RUN_CLANG_STATIC_ANALYZER = YES;
			};
			name = Release;
		};
		A4A54E4F1477B7E0007FEB4B /* Debug */ = {
			isa = XCBuildConfiguration;
			buildSettings = {
				ARCHS = "$(ARCHS_STANDARD_32_64_BIT)";
				FRAMEWORK_SEARCH_PATHS = "$(DEVELOPER_LIBRARY_DIR)/Frameworks";
				GCC_PRECOMPILE_PREFIX_HEADER = YES;
				GCC_PREFIX_HEADER = "SQSMetricFormatterLogicTests/SQSMetricFormatterLogicTests-Prefix.pch";
				INFOPLIST_FILE = "SQSMetricFormatterLogicTests/SQSMetricFormatterLogicTests-Info.plist";
				PRODUCT_NAME = SQSMetricFormatterLogicTests;
				WRAPPER_EXTENSION = octest;
			};
			name = Debug;
		};
		A4A54E501477B7E0007FEB4B /* Release */ = {
			isa = XCBuildConfiguration;
			buildSettings = {
				ARCHS = "$(ARCHS_STANDARD_32_64_BIT)";
				FRAMEWORK_SEARCH_PATHS = "$(DEVELOPER_LIBRARY_DIR)/Frameworks";
				GCC_PRECOMPILE_PREFIX_HEADER = YES;
				GCC_PREFIX_HEADER = "SQSMetricFormatterLogicTests/SQSMetricFormatterLogicTests-Prefix.pch";
				INFOPLIST_FILE = "SQSMetricFormatterLogicTests/SQSMetricFormatterLogicTests-Info.plist";
				PRODUCT_NAME = SQSMetricFormatterLogicTests;
				WRAPPER_EXTENSION = octest;
			};
			name = Release;
		};
/* End XCBuildConfiguration section */

/* Begin XCConfigurationList section */
		A4A54E211477B723007FEB4B /* Build configuration list for PBXProject "SQSMetricFormatter" */ = {
			isa = XCConfigurationList;
			buildConfigurations = (
				A4A54E361477B723007FEB4B /* Debug */,
				A4A54E371477B723007FEB4B /* Release */,
			);
			defaultConfigurationIsVisible = 0;
			defaultConfigurationName = Release;
		};
		A4A54E381477B723007FEB4B /* Build configuration list for PBXNativeTarget "SQSMetricFormatter" */ = {
			isa = XCConfigurationList;
			buildConfigurations = (
				A4A54E391477B723007FEB4B /* Debug */,
				A4A54E3A1477B723007FEB4B /* Release */,
			);
			defaultConfigurationIsVisible = 0;
			defaultConfigurationName = Release;
		};
		A4A54E4E1477B7E0007FEB4B /* Build configuration list for PBXNativeTarget "SQSMetricFormatterLogicTests" */ = {
			isa = XCConfigurationList;
			buildConfigurations = (
				A4A54E4F1477B7E0007FEB4B /* Debug */,
				A4A54E501477B7E0007FEB4B /* Release */,
			);
			defaultConfigurationIsVisible = 0;
			defaultConfigurationName = Release;
		};
/* End XCConfigurationList section */
	};
	rootObject = A4A54E1E1477B723007FEB4B /* Project object */;
}
